
Microsoft Visual Studio Solution File, Format Version 12.00
# Visual Studio Version 16
VisualStudioVersion = 16.0.30114.105
MinimumVisualStudioVersion = 10.0.40219.1
Project("{2150E333-8FDC-42A3-9474-1A3956D46DE8}") = "src", "src", "{2831B237-AFDB-4D8F-A278-DF4A92490BCF}"
EndProject
Project("{FAE04EC0-301F-11D3-BF4B-00C04F79EFBC}") = "JwtMultiAud", "src\jwtmultiaud\JwtMultiAud.csproj", "{C3F07EEB-F70E-4FDB-845F-E112783B3CFE}"
EndProject
Global
	GlobalSection(SolutionConfigurationPlatforms) = preSolution
		Debug|Any CPU = Debug|Any CPU
		Release|Any CPU = Release|Any CPU
	EndGlobalSection
	GlobalSection(SolutionProperties) = preSolution
		HideSolutionNode = FALSE
	EndGlobalSection
	GlobalSection(ProjectConfigurationPlatforms) = postSolution
		{C3F07EEB-F70E-4FDB-845F-E112783B3CFE}.Debug|Any CPU.ActiveCfg = Debug|Any CPU
		{C3F07EEB-F70E-4FDB-845F-E112783B3CFE}.Debug|Any CPU.Build.0 = Debug|Any CPU
		{C3F07EEB-F70E-4FDB-845F-E112783B3CFE}.Release|Any CPU.ActiveCfg = Release|Any CPU
		{C3F07EEB-F70E-4FDB-845F-E112783B3CFE}.Release|Any CPU.Build.0 = Release|Any CPU
	EndGlobalSection
	GlobalSection(NestedProjects) = preSolution
		{C3F07EEB-F70E-4FDB-845F-E112783B3CFE} = {2831B237-AFDB-4D8F-A278-DF4A92490BCF}
	EndGlobalSection
EndGlobal
